<?xml version="1.0" encoding="utf-8"?>
<Project ToolsVersion="4.0" xmlns="http://schemas.microsoft.com/developer/msbuild/2003">
  <ItemGroup>
    <Filter Include="Source Files">
      <UniqueIdentifier>{4FC737F1-C7A5-4376-A066-2A32D752A2FF}</UniqueIdentifier>
      <Extensions>cpp;c;cc;cxx;def;odl;idl;hpj;bat;asm;asmx</Extensions>
    </Filter>
    <Filter Include="Header Files">
      <UniqueIdentifier>{93995380-89BD-4b04-88EB-625FBE52EBFB}</UniqueIdentifier>
      <Extensions>h;hh;hpp;hxx;hm;inl;inc;xsd</Extensions>
    </Filter>
    <Filter Include="Resource Files">
      <UniqueIdentifier>{67DA6AB6-F800-4c08-8B7A-83BB121AAD01}</UniqueIdentifier>
      <Extensions>rc;ico;cur;bmp;dlg;rc2;rct;bin;rgs;gif;jpg;jpeg;jpe;resx;tiff;tif;png;wav;mfcribbon-ms</Extensions>
    </Filter>
    <Filter Include="libpng">
      <UniqueIdentifier>{36607bad-1118-4010-b365-0d5f477a264c}</UniqueIdentifier>
    </Filter>
    <Filter Include="zlib">
      <UniqueIdentifier>{f872d9d7-4968-43fe-b4ab-fd53773c69a9}</UniqueIdentifier>
    </Filter>
  </ItemGroup>
  <ItemGroup>
    <Text Include="ReadMe.txt" />
  </ItemGroup>
  <ItemGroup>
    <ClInclude Include="stdafx.h">
      <Filter>Header Files</Filter>
    </ClInclude>
    <ClInclude Include="targetver.h">
      <Filter>Header Files</Filter>
    </ClInclude>
    <ClInclude Include="..\external\lpng1628\png.h">
      <Filter>libpng</Filter>
    </ClInclude>
  </ItemGroup>
  <ItemGroup>
    <ClCompile Include="stdafx.cpp">
      <Filter>Source Files</Filter>
    </ClCompile>
    <ClCompile Include="gtPNG.cpp">
      <Filter>Source Files</Filter>
    </ClCompile>
    <ClCompile Include="dllmain.cpp">
      <Filter>Source Files</Filter>
    </ClCompile>
    <ClCompile Include="..\external\lpng1628\png.c">
      <Filter>libpng</Filter>
    </ClCompile>
    <ClCompile Include="..\external\lpng1628\pngwrite.c">
      <Filter>libpng</Filter>
    </ClCompile>
    <ClCompile Include="..\external\lpng1628\pngerror.c">
      <Filter>libpng</Filter>
    </ClCompile>
    <ClCompile Include="..\external\lpng1628\pngtrans.c">
      <Filter>libpng</Filter>
    </ClCompile>
    <ClCompile Include="..\external\lpng1628\pngwio.c">
      <Filter>libpng</Filter>
    </ClCompile>
    <ClCompile Include="..\external\lpng1628\pngget.c">
      <Filter>libpng</Filter>
    </ClCompile>
    <ClCompile Include="..\external\lpng1628\pngmem.c">
      <Filter>libpng</Filter>
    </ClCompile>
    <ClCompile Include="..\external\lpng1628\pngpread.c">
      <Filter>libpng</Filter>
    </ClCompile>
    <ClCompile Include="..\external\lpng1628\pngread.c">
      <Filter>libpng</Filter>
    </ClCompile>
    <ClCompile Include="..\external\lpng1628\pngrio.c">
      <Filter>libpng</Filter>
    </ClCompile>
    <ClCompile Include="..\external\lpng1628\pngrtran.c">
      <Filter>libpng</Filter>
    </ClCompile>
    <ClCompile Include="..\external\lpng1628\pngrutil.c">
      <Filter>libpng</Filter>
    </ClCompile>
    <ClCompile Include="..\external\lpng1628\pngset.c">
      <Filter>libpng</Filter>
    </ClCompile>
    <ClCompile Include="..\external\lpng1628\pngtest.c">
      <Filter>libpng</Filter>
    </ClCompile>
    <ClCompile Include="..\external\lpng1628\pngwtran.c">
      <Filter>libpng</Filter>
    </ClCompile>
    <ClCompile Include="..\external\lpng1628\pngwutil.c">
      <Filter>libpng</Filter>
    </ClCompile>
    <ClCompile Include="..\external\zlib-1.2.11\adler32.c">
      <Filter>zlib</Filter>
    </ClCompile>
    <ClCompile Include="..\external\zlib-1.2.11\inflate.c">
      <Filter>zlib</Filter>
    </ClCompile>
    <ClCompile Include="..\external\zlib-1.2.11\crc32.c">
      <Filter>zlib</Filter>
    </ClCompile>
    <ClCompile Include="..\external\zlib-1.2.11\deflate.c">
      <Filter>zlib</Filter>
    </ClCompile>
    <ClCompile Include="..\external\zlib-1.2.11\contrib\inflate86\inffas86.c">
      <Filter>zlib</Filter>
    </ClCompile>
    <ClCompile Include="..\external\zlib-1.2.11\inftrees.c">
      <Filter>zlib</Filter>
    </ClCompile>
    <ClCompile Include="..\external\zlib-1.2.11\trees.c">
      <Filter>zlib</Filter>
    </ClCompile>
    <ClCompile Include="..\external\zlib-1.2.11\zutil.c">
      <Filter>zlib</Filter>
    </ClCompile>
  </ItemGroup>
</Project>