<?xml version="1.0" encoding="utf-8"?>
<Project ToolsVersion="4.0" xmlns="http://schemas.microsoft.com/developer/msbuild/2003">
  <ItemGroup>
    <Filter Include="Source Files">
      <UniqueIdentifier>{4FC737F1-C7A5-4376-A066-2A32D752A2FF}</UniqueIdentifier>
      <Extensions>cpp;c;cc;cxx;def;odl;idl;hpj;bat;asm;asmx</Extensions>
    </Filter>
    <Filter Include="Header Files">
      <UniqueIdentifier>{93995380-89BD-4b04-88EB-625FBE52EBFB}</UniqueIdentifier>
      <Extensions>h;hh;hpp;hxx;hm;inl;inc;xsd</Extensions>
    </Filter>
    <Filter Include="Resource Files">
      <UniqueIdentifier>{67DA6AB6-F800-4c08-8B7A-83BB121AAD01}</UniqueIdentifier>
      <Extensions>rc;ico;cur;bmp;dlg;rc2;rct;bin;rgs;gif;jpg;jpeg;jpe;resx;tiff;tif;png;wav;mfcribbon-ms</Extensions>
    </Filter>
    <Filter Include="gost">
      <UniqueIdentifier>{66e574e1-ff9b-40c9-bb6d-c2ec5b0bad80}</UniqueIdentifier>
    </Filter>
  </ItemGroup>
  <ItemGroup>
    <Text Include="ReadMe.txt" />
  </ItemGroup>
  <ItemGroup>
    <ClInclude Include="stdafx.h">
      <Filter>Header Files</Filter>
    </ClInclude>
    <ClInclude Include="targetver.h">
      <Filter>Header Files</Filter>
    </ClInclude>
    <ClInclude Include="..\include\gost.h">
      <Filter>gost</Filter>
    </ClInclude>
    <ClInclude Include="..\include\gtTypes.h">
      <Filter>gost</Filter>
    </ClInclude>
    <ClInclude Include="..\include\gtInfo.h">
      <Filter>gost</Filter>
    </ClInclude>
    <ClInclude Include="..\include\gtError.h">
      <Filter>gost</Filter>
    </ClInclude>
    <ClInclude Include="..\include\gtOutputWindow.h">
      <Filter>gost</Filter>
    </ClInclude>
    <ClInclude Include="gtOutputWindowWin32.h">
      <Filter>Header Files</Filter>
    </ClInclude>
    <ClInclude Include="..\include\gtMainSystem.h">
      <Filter>gost</Filter>
    </ClInclude>
    <ClInclude Include="..\include\gtBaseObject.h">
      <Filter>gost</Filter>
    </ClInclude>
    <ClInclude Include="..\include\gtRefObject.h">
      <Filter>gost</Filter>
    </ClInclude>
    <ClInclude Include="..\include\gtPtr.h">
      <Filter>gost</Filter>
    </ClInclude>
    <ClInclude Include="gtMainSystemCommon.h">
      <Filter>Header Files</Filter>
    </ClInclude>
    <ClInclude Include="gtMainSystemWin32.h">
      <Filter>Header Files</Filter>
    </ClInclude>
    <ClInclude Include="..\include\gtLoger.h">
      <Filter>gost</Filter>
    </ClInclude>
    <ClInclude Include="gtLogerImpl.h">
      <Filter>Header Files</Filter>
    </ClInclude>
    <ClInclude Include="..\include\gtStackTrace.h">
      <Filter>gost</Filter>
    </ClInclude>
    <ClInclude Include="..\include\gtWindow.h">
      <Filter>gost</Filter>
    </ClInclude>
    <ClInclude Include="..\include\gtVector.h">
      <Filter>gost</Filter>
    </ClInclude>
    <ClInclude Include="gtWindowCommon.h">
      <Filter>Header Files</Filter>
    </ClInclude>
    <ClInclude Include="gtWindowWin32.h">
      <Filter>Header Files</Filter>
    </ClInclude>
    <ClInclude Include="..\include\gtList.h">
      <Filter>gost</Filter>
    </ClInclude>
    <ClInclude Include="..\include\gtColor.h">
      <Filter>gost</Filter>
    </ClInclude>
    <ClInclude Include="..\include\gtFileSystem.h">
      <Filter>gost</Filter>
    </ClInclude>
    <ClInclude Include="gtFileSystemWin32.h">
      <Filter>Header Files</Filter>
    </ClInclude>
    <ClInclude Include="gtFileSystemCommon.h">
      <Filter>Header Files</Filter>
    </ClInclude>
    <ClInclude Include="gtFileWin32.h">
      <Filter>Header Files</Filter>
    </ClInclude>
    <ClInclude Include="..\include\gtUtilities.h">
      <Filter>gost</Filter>
    </ClInclude>
    <ClInclude Include="..\include\gtPluginSystem.h">
      <Filter>gost</Filter>
    </ClInclude>
    <ClInclude Include="gtPluginSystemImpl.h">
      <Filter>Header Files</Filter>
    </ClInclude>
    <ClInclude Include="..\include\gtDriver.h">
      <Filter>gost</Filter>
    </ClInclude>
    <ClInclude Include="gtDriverCommon.h">
      <Filter>Header Files</Filter>
    </ClInclude>
    <ClInclude Include="..\include\gtMaterial.h">
      <Filter>gost</Filter>
    </ClInclude>
    <ClInclude Include="..\include\gtTexture.h">
      <Filter>gost</Filter>
    </ClInclude>
    <ClInclude Include="..\include\gtImage.h">
      <Filter>gost</Filter>
    </ClInclude>
    <ClInclude Include="..\include\gtShader.h">
      <Filter>gost</Filter>
    </ClInclude>
    <ClInclude Include="..\include\gtVertex.h">
      <Filter>gost</Filter>
    </ClInclude>
    <ClInclude Include="gtPluginRender.h">
      <Filter>Header Files</Filter>
    </ClInclude>
    <ClInclude Include="..\include\gtPlugin.h">
      <Filter>gost</Filter>
    </ClInclude>
    <ClInclude Include="gtPluginImportImage.h">
      <Filter>Header Files</Filter>
    </ClInclude>
    <ClInclude Include="..\include\gtString.h">
      <Filter>gost</Filter>
    </ClInclude>
    <ClInclude Include="..\include\gtTimer.h">
      <Filter>gost</Filter>
    </ClInclude>
    <ClInclude Include="gtTimerWin32.h">
      <Filter>Header Files</Filter>
    </ClInclude>
    <ClInclude Include="..\include\gtEvent.h">
      <Filter>gost</Filter>
    </ClInclude>
    <ClInclude Include="gtEventSystem.h">
      <Filter>Header Files</Filter>
    </ClInclude>
    <ClInclude Include="..\include\gtInput.h">
      <Filter>gost</Filter>
    </ClInclude>
  </ItemGroup>
  <ItemGroup>
    <ClCompile Include="stdafx.cpp">
      <Filter>Source Files</Filter>
    </ClCompile>
    <ClCompile Include="gost.cpp">
      <Filter>Source Files</Filter>
    </ClCompile>
    <ClCompile Include="dllmain.cpp">
      <Filter>Source Files</Filter>
    </ClCompile>
    <ClCompile Include="gtOutputWindowWin32.cpp">
      <Filter>Source Files</Filter>
    </ClCompile>
    <ClCompile Include="gtMainSystemCommon.cpp">
      <Filter>Source Files</Filter>
    </ClCompile>
    <ClCompile Include="gtMainSystemWin32.cpp">
      <Filter>Source Files</Filter>
    </ClCompile>
    <ClCompile Include="gtLogerImpl.cpp">
      <Filter>Source Files</Filter>
    </ClCompile>
    <ClCompile Include="gtWindowCommon.cpp">
      <Filter>Source Files</Filter>
    </ClCompile>
    <ClCompile Include="gtWindowWin32.cpp">
      <Filter>Source Files</Filter>
    </ClCompile>
    <ClCompile Include="gtFileSystemWin32.cpp">
      <Filter>Source Files</Filter>
    </ClCompile>
    <ClCompile Include="gtFileSystemCommon.cpp">
      <Filter>Source Files</Filter>
    </ClCompile>
    <ClCompile Include="gtFileWin32.cpp">
      <Filter>Source Files</Filter>
    </ClCompile>
    <ClCompile Include="gtPluginSystemImpl.cpp">
      <Filter>Source Files</Filter>
    </ClCompile>
    <ClCompile Include="gtDriverCommon.cpp">
      <Filter>Source Files</Filter>
    </ClCompile>
    <ClCompile Include="gtPluginRender.cpp">
      <Filter>Source Files</Filter>
    </ClCompile>
    <ClCompile Include="gtPluginImportImage.cpp">
      <Filter>Source Files</Filter>
    </ClCompile>
    <ClCompile Include="gtTimerWin32.cpp">
      <Filter>Source Files</Filter>
    </ClCompile>
    <ClCompile Include="gtEventSystem.cpp">
      <Filter>Source Files</Filter>
    </ClCompile>
  </ItemGroup>
</Project>